Microsoft Visual Studio Solution File, Format Version 12.00
# Visual Studio Version 16
VisualStudioVersion = 16.0.29311.281
MinimumVisualStudioVersion = 10.0.40219.1
Project("{9A19103F-16F7-4668-BE54-9A1E7A4F7556}") = "Web", "src\Web\Web.csproj", "{7EC8B2EA-6381-423B-A9B0-791A257A3A19}"
EndProject
Project("{9A19103F-16F7-4668-BE54-9A1E7A4F7556}") = "Model", "src\Model\Model.csproj", "{43176707-D84B-4498-99DB-969B19D695FF}"
EndProject
Project("{9A19103F-16F7-4668-BE54-9A1E7A4F7556}") = "DataAccess.Memory", "src\DataAccess.Memory\DataAccess.Memory.csproj", "{F4D0FA86-33AB-4476-88F6-2912FCBD5D54}"
EndProject
Project("{2150E333-8FDC-42A3-9474-1A3956D46DE8}") = "Tests", "Tests", "{A67DDC78-2DB7-4BE6-924E-C741A23E1575}"
EndProject
Project("{FAE04EC0-301F-11D3-BF4B-00C04F79EFBC}") = "Model.Test", "tests\Model.Test\Model.Test.csproj", "{D0C93183-B874-4AAE-BB53-D42E9FD8A5EC}"
EndProject
Project("{FAE04EC0-301F-11D3-BF4B-00C04F79EFBC}") = "Web.Test", "tests\Web.Test\Web.Test.csproj", "{47B2C97E-C219-43A6-8172-88619A91A3DC}"
EndProject
Global
	GlobalSection(SolutionConfigurationPlatforms) = preSolution
		Debug|Any CPU = Debug|Any CPU
		Release|Any CPU = Release|Any CPU
	EndGlobalSection
	GlobalSection(ProjectConfigurationPlatforms) = postSolution
		{7EC8B2EA-6381-423B-A9B0-791A257A3A19}.Debug|Any CPU.ActiveCfg = Debug|Any CPU
		{7EC8B2EA-6381-423B-A9B0-791A257A3A19}.Debug|Any CPU.Build.0 = Debug|Any CPU
		{7EC8B2EA-6381-423B-A9B0-791A257A3A19}.Release|Any CPU.ActiveCfg = Release|Any CPU
		{7EC8B2EA-6381-423B-A9B0-791A257A3A19}.Release|Any CPU.Build.0 = Release|Any CPU
		{43176707-D84B-4498-99DB-969B19D695FF}.Debug|Any CPU.ActiveCfg = Debug|Any CPU
		{43176707-D84B-4498-99DB-969B19D695FF}.Debug|Any CPU.Build.0 = Debug|Any CPU
		{43176707-D84B-4498-99DB-969B19D695FF}.Release|Any CPU.ActiveCfg = Release|Any CPU
		{43176707-D84B-4498-99DB-969B19D695FF}.Release|Any CPU.Build.0 = Release|Any CPU
		{F4D0FA86-33AB-4476-88F6-2912FCBD5D54}.Debug|Any CPU.ActiveCfg = Debug|Any CPU
		{F4D0FA86-33AB-4476-88F6-2912FCBD5D54}.Debug|Any CPU.Build.0 = Debug|Any CPU
		{F4D0FA86-33AB-4476-88F6-2912FCBD5D54}.Release|Any CPU.ActiveCfg = Release|Any CPU
		{F4D0FA86-33AB-4476-88F6-2912FCBD5D54}.Release|Any CPU.Build.0 = Release|Any CPU
		{D0C93183-B874-4AAE-BB53-D42E9FD8A5EC}.Debug|Any CPU.ActiveCfg = Debug|Any CPU
		{D0C93183-B874-4AAE-BB53-D42E9FD8A5EC}.Debug|Any CPU.Build.0 = Debug|Any CPU
		{D0C93183-B874-4AAE-BB53-D42E9FD8A5EC}.Release|Any CPU.ActiveCfg = Release|Any CPU
		{D0C93183-B874-4AAE-BB53-D42E9FD8A5EC}.Release|Any CPU.Build.0 = Release|Any CPU
		{47B2C97E-C219-43A6-8172-88619A91A3DC}.Debug|Any CPU.ActiveCfg = Debug|Any CPU
		{47B2C97E-C219-43A6-8172-88619A91A3DC}.Debug|Any CPU.Build.0 = Debug|Any CPU
		{47B2C97E-C219-43A6-8172-88619A91A3DC}.Release|Any CPU.ActiveCfg = Release|Any CPU
		{47B2C97E-C219-43A6-8172-88619A91A3DC}.Release|Any CPU.Build.0 = Release|Any CPU
	EndGlobalSection
	GlobalSection(SolutionProperties) = preSolution
		HideSolutionNode = FALSE
	EndGlobalSection
	GlobalSection(NestedProjects) = preSolution
		{D0C93183-B874-4AAE-BB53-D42E9FD8A5EC} = {A67DDC78-2DB7-4BE6-924E-C741A23E1575}
		{47B2C97E-C219-43A6-8172-88619A91A3DC} = {A67DDC78-2DB7-4BE6-924E-C741A23E1575}
	EndGlobalSection
	GlobalSection(ExtensibilityGlobals) = postSolution
		SolutionGuid = {C6C7EF6F-C112-4DC5-8BEC-EABBDD4B6BFB}
	EndGlobalSection
EndGlobal
